
Microsoft Visual Studio Solution File, Format Version 12.00
# Visual Studio Version 17
VisualStudioVersion = 17.11.35222.181
MinimumVisualStudioVersion = 10.0.40219.1
Project("{FAE04EC0-301F-11D3-BF4B-00C04F79EFBC}") = "CSC555Lab03", "CSC555Lab03\CSC555Lab03.csproj", "{F66443EE-A1D8-4375-B95D-6A0AA33FCFE6}"
EndProject
Global
	GlobalSection(SolutionConfigurationPlatforms) = preSolution
		Debug|Any CPU = Debug|Any CPU
		Release|Any CPU = Release|Any CPU
	EndGlobalSection
	GlobalSection(ProjectConfigurationPlatforms) = postSolution
		{F66443EE-A1D8-4375-B95D-6A0AA33FCFE6}.Debug|Any CPU.ActiveCfg = Debug|Any CPU
		{F66443EE-A1D8-4375-B95D-6A0AA33FCFE6}.Debug|Any CPU.Build.0 = Debug|Any CPU
		{F66443EE-A1D8-4375-B95D-6A0AA33FCFE6}.Release|Any CPU.ActiveCfg = Release|Any CPU
		{F66443EE-A1D8-4375-B95D-6A0AA33FCFE6}.Release|Any CPU.Build.0 = Release|Any CPU
	EndGlobalSection
	GlobalSection(SolutionProperties) = preSolution
		HideSolutionNode = FALSE
	EndGlobalSection
	GlobalSection(ExtensibilityGlobals) = postSolution
		SolutionGuid = {37AEE309-DF47-4C6A-B0E6-141AAE041FDE}
	EndGlobalSection
EndGlobal
